// !$*UTF8*$!
{
	archiveVersion = 1;
	classes = {
	};
	objectVersion = 46;
	objects = {

/* Begin PBXBuildFile section */
		286E06EC1DE9888800472FA2 /* Newrecord.swift in Sources */ = {isa = PBXBuildFile; fileRef = 286E06EB1DE9888800472FA2 /* Newrecord.swift */; };
		2880F0F21DEB4FBD00A169B4 /* Filelist.swift in Sources */ = {isa = PBXBuildFile; fileRef = 2880F0F11DEB4FBD00A169B4 /* Filelist.swift */; };
		2884C1AC1DECB1320088C957 /* FDSoundActivatedRecorder.framework in Frameworks */ = {isa = PBXBuildFile; fileRef = 2884C18E1DECB10A0088C957 /* FDSoundActivatedRecorder.framework */; };
		2884C1AD1DECB1470088C957 /* FDSoundActivatedRecorder.framework in Frameworks */ = {isa = PBXBuildFile; fileRef = 2884C18E1DECB10A0088C957 /* FDSoundActivatedRecorder.framework */; };
		2884C1AE1DECB1470088C957 /* FDSoundActivatedRecorder.framework in Embed Frameworks */ = {isa = PBXBuildFile; fileRef = 2884C18E1DECB10A0088C957 /* FDSoundActivatedRecorder.framework */; settings = {ATTRIBUTES = (CodeSignOnCopy, RemoveHeadersOnCopy, ); }; };
		805027EB1D389E5700CE3F1F /* AppDelegate.swift in Sources */ = {isa = PBXBuildFile; fileRef = 805027EA1D389E5700CE3F1F /* AppDelegate.swift */; };
		805027ED1D389E5700CE3F1F /* Recognizer.swift in Sources */ = {isa = PBXBuildFile; fileRef = 805027EC1D389E5700CE3F1F /* Recognizer.swift */; };
		805027F01D389E5700CE3F1F /* Main.storyboard in Resources */ = {isa = PBXBuildFile; fileRef = 805027EE1D389E5700CE3F1F /* Main.storyboard */; };
		805027F21D389E5700CE3F1F /* Assets.xcassets in Resources */ = {isa = PBXBuildFile; fileRef = 805027F11D389E5700CE3F1F /* Assets.xcassets */; };
		805027F51D389E5700CE3F1F /* LaunchScreen.storyboard in Resources */ = {isa = PBXBuildFile; fileRef = 805027F31D389E5700CE3F1F /* LaunchScreen.storyboard */; };
		A319C77E1DF0C4C500825596 /* Alamofire.framework in Frameworks */ = {isa = PBXBuildFile; fileRef = 286E06F91DEA0E1900472FA2 /* Alamofire.framework */; };
		A319C77F1DF0C4C500825596 /* Alamofire.framework in Embed Frameworks */ = {isa = PBXBuildFile; fileRef = 286E06F91DEA0E1900472FA2 /* Alamofire.framework */; settings = {ATTRIBUTES = (CodeSignOnCopy, RemoveHeadersOnCopy, ); }; };
		A36157A31DF0C1C000996DF0 /* Charts.framework in Frameworks */ = {isa = PBXBuildFile; fileRef = A361579D1DF0C1AE00996DF0 /* Charts.framework */; };
		A36157A41DF0C1C000996DF0 /* Charts.framework in Embed Frameworks */ = {isa = PBXBuildFile; fileRef = A361579D1DF0C1AE00996DF0 /* Charts.framework */; settings = {ATTRIBUTES = (CodeSignOnCopy, RemoveHeadersOnCopy, ); }; };
/* End PBXBuildFile section */

/* Begin PBXContainerItemProxy section */
		286E06F81DEA0E1900472FA2 /* PBXContainerItemProxy */ = {
			isa = PBXContainerItemProxy;
			containerPortal = 286E06ED1DEA0E1900472FA2 /* Alamofire.xcodeproj */;
			proxyType = 2;
			remoteGlobalIDString = F8111E3319A95C8B0040E7D1;
			remoteInfo = "Alamofire iOS";
		};
		286E06FA1DEA0E1900472FA2 /* PBXContainerItemProxy */ = {
			isa = PBXContainerItemProxy;
			containerPortal = 286E06ED1DEA0E1900472FA2 /* Alamofire.xcodeproj */;
			proxyType = 2;
			remoteGlobalIDString = F8111E3E19A95C8B0040E7D1;
			remoteInfo = "Alamofire iOS Tests";
		};
		286E06FC1DEA0E1900472FA2 /* PBXContainerItemProxy */ = {
			isa = PBXContainerItemProxy;
			containerPortal = 286E06ED1DEA0E1900472FA2 /* Alamofire.xcodeproj */;
			proxyType = 2;
			remoteGlobalIDString = 4DD67C0B1A5C55C900ED2280;
			remoteInfo = "Alamofire macOS";
		};
		286E06FE1DEA0E1900472FA2 /* PBXContainerItemProxy */ = {
			isa = PBXContainerItemProxy;
			containerPortal = 286E06ED1DEA0E1900472FA2 /* Alamofire.xcodeproj */;
			proxyType = 2;
			remoteGlobalIDString = F829C6B21A7A94F100A2CD59;
			remoteInfo = "Alamofire macOS Tests";
		};
		286E07001DEA0E1900472FA2 /* PBXContainerItemProxy */ = {
			isa = PBXContainerItemProxy;
			containerPortal = 286E06ED1DEA0E1900472FA2 /* Alamofire.xcodeproj */;
			proxyType = 2;
			remoteGlobalIDString = 4CF626EF1BA7CB3E0011A099;
			remoteInfo = "Alamofire tvOS";
		};
		286E07021DEA0E1900472FA2 /* PBXContainerItemProxy */ = {
			isa = PBXContainerItemProxy;
			containerPortal = 286E06ED1DEA0E1900472FA2 /* Alamofire.xcodeproj */;
			proxyType = 2;
			remoteGlobalIDString = 4CF626F81BA7CB3E0011A099;
			remoteInfo = "Alamofire tvOS Tests";
		};
		286E07041DEA0E1900472FA2 /* PBXContainerItemProxy */ = {
			isa = PBXContainerItemProxy;
			containerPortal = 286E06ED1DEA0E1900472FA2 /* Alamofire.xcodeproj */;
			proxyType = 2;
			remoteGlobalIDString = E4202FE01B667AA100C997FB;
			remoteInfo = "Alamofire watchOS";
		};
		2884C18D1DECB10A0088C957 /* PBXContainerItemProxy */ = {
			isa = PBXContainerItemProxy;
			containerPortal = 2884C1811DECB10A0088C957 /* FDSoundActivatedRecorder.xcodeproj */;
			proxyType = 2;
			remoteGlobalIDString = D9A472FE1CBC603B001D3A59;
			remoteInfo = FDSoundActivatedRecorder;
		};
		2884C18F1DECB10A0088C957 /* PBXContainerItemProxy */ = {
			isa = PBXContainerItemProxy;
			containerPortal = 2884C1811DECB10A0088C957 /* FDSoundActivatedRecorder.xcodeproj */;
			proxyType = 2;
			remoteGlobalIDString = D9A473081CBC603B001D3A59;
			remoteInfo = FDSoundActivatedRecorderTests;
		};
		2884C1AA1DECB12C0088C957 /* PBXContainerItemProxy */ = {
			isa = PBXContainerItemProxy;
			containerPortal = 2884C1811DECB10A0088C957 /* FDSoundActivatedRecorder.xcodeproj */;
			proxyType = 1;
			remoteGlobalIDString = D9A472FD1CBC603B001D3A59;
			remoteInfo = FDSoundActivatedRecorder;
		};
		2884C1AF1DECB1470088C957 /* PBXContainerItemProxy */ = {
			isa = PBXContainerItemProxy;
			containerPortal = 2884C1811DECB10A0088C957 /* FDSoundActivatedRecorder.xcodeproj */;
			proxyType = 1;
			remoteGlobalIDString = D9A472FD1CBC603B001D3A59;
			remoteInfo = FDSoundActivatedRecorder;
		};
		A319C7801DF0C4C500825596 /* PBXContainerItemProxy */ = {
			isa = PBXContainerItemProxy;
			containerPortal = 286E06ED1DEA0E1900472FA2 /* Alamofire.xcodeproj */;
			proxyType = 1;
			remoteGlobalIDString = F8111E3219A95C8B0040E7D1;
			remoteInfo = "Alamofire iOS";
		};
		A361579C1DF0C1AE00996DF0 /* PBXContainerItemProxy */ = {
			isa = PBXContainerItemProxy;
			containerPortal = A361578F1DF0C1AE00996DF0 /* Charts.xcodeproj */;
			proxyType = 2;
			remoteGlobalIDString = 06165F241D8110E600722320;
			remoteInfo = Charts;
		};
		A361579E1DF0C1AE00996DF0 /* PBXContainerItemProxy */ = {
			isa = PBXContainerItemProxy;
			containerPortal = A361578F1DF0C1AE00996DF0 /* Charts.xcodeproj */;
			proxyType = 2;
			remoteGlobalIDString = 06B120D51D811E6200D14B02;
			remoteInfo = ChartsRealm;
		};
		A36157A01DF0C1AE00996DF0 /* PBXContainerItemProxy */ = {
			isa = PBXContainerItemProxy;
			containerPortal = A361578F1DF0C1AE00996DF0 /* Charts.xcodeproj */;
			proxyType = 2;
			remoteGlobalIDString = 06165F2E1D8110E600722320;
			remoteInfo = ChartsTests;
		};
		A36157A51DF0C1C000996DF0 /* PBXContainerItemProxy */ = {
			isa = PBXContainerItemProxy;
			containerPortal = A361578F1DF0C1AE00996DF0 /* Charts.xcodeproj */;
			proxyType = 1;
			remoteGlobalIDString = 06165F231D8110E600722320;
			remoteInfo = Charts;
		};
/* End PBXContainerItemProxy section */

/* Begin PBXCopyFilesBuildPhase section */
		28C1E2891DEB094900578160 /* Embed Frameworks */ = {
			isa = PBXCopyFilesBuildPhase;
			buildActionMask = 2147483647;
			dstPath = "";
			dstSubfolderSpec = 10;
			files = (
				A36157A41DF0C1C000996DF0 /* Charts.framework in Embed Frameworks */,
				A319C77F1DF0C4C500825596 /* Alamofire.framework in Embed Frameworks */,
				2884C1AE1DECB1470088C957 /* FDSoundActivatedRecorder.framework in Embed Frameworks */,
			);
			name = "Embed Frameworks";
			runOnlyForDeploymentPostprocessing = 0;
		};
/* End PBXCopyFilesBuildPhase section */

/* Begin PBXFileReference section */
		286E06EB1DE9888800472FA2 /* Newrecord.swift */ = {isa = PBXFileReference; fileEncoding = 4; lastKnownFileType = sourcecode.swift; path = Newrecord.swift; sourceTree = "<group>"; };
		286E06ED1DEA0E1900472FA2 /* Alamofire.xcodeproj */ = {isa = PBXFileReference; lastKnownFileType = "wrapper.pb-project"; name = Alamofire.xcodeproj; path = Alamofire/Alamofire.xcodeproj; sourceTree = "<group>"; };
		2880F0F11DEB4FBD00A169B4 /* Filelist.swift */ = {isa = PBXFileReference; fileEncoding = 4; lastKnownFileType = sourcecode.swift; path = Filelist.swift; sourceTree = "<group>"; };
		2884C1811DECB10A0088C957 /* FDSoundActivatedRecorder.xcodeproj */ = {isa = PBXFileReference; lastKnownFileType = "wrapper.pb-project"; name = FDSoundActivatedRecorder.xcodeproj; path = FDSoundActivatedRecorder/FDSoundActivatedRecorder/FDSoundActivatedRecorder.xcodeproj; sourceTree = SOURCE_ROOT; };
		805027E71D389E5700CE3F1F /* Siri.app */ = {isa = PBXFileReference; explicitFileType = wrapper.application; includeInIndex = 0; path = Siri.app; sourceTree = BUILT_PRODUCTS_DIR; };
		805027EA1D389E5700CE3F1F /* AppDelegate.swift */ = {isa = PBXFileReference; lastKnownFileType = sourcecode.swift; path = AppDelegate.swift; sourceTree = "<group>"; };
		805027EC1D389E5700CE3F1F /* Recognizer.swift */ = {isa = PBXFileReference; lastKnownFileType = sourcecode.swift; path = Recognizer.swift; sourceTree = "<group>"; };
		805027EF1D389E5700CE3F1F /* Base */ = {isa = PBXFileReference; lastKnownFileType = file.storyboard; name = Base; path = Base.lproj/Main.storyboard; sourceTree = "<group>"; };
		805027F11D389E5700CE3F1F /* Assets.xcassets */ = {isa = PBXFileReference; lastKnownFileType = folder.assetcatalog; path = Assets.xcassets; sourceTree = "<group>"; };
		805027F41D389E5700CE3F1F /* Base */ = {isa = PBXFileReference; lastKnownFileType = file.storyboard; name = Base; path = Base.lproj/LaunchScreen.storyboard; sourceTree = "<group>"; };
		805027F61D389E5700CE3F1F /* Info.plist */ = {isa = PBXFileReference; lastKnownFileType = text.plist.xml; path = Info.plist; sourceTree = "<group>"; };
		A361578F1DF0C1AE00996DF0 /* Charts.xcodeproj */ = {isa = PBXFileReference; lastKnownFileType = "wrapper.pb-project"; name = Charts.xcodeproj; path = Charts/Charts.xcodeproj; sourceTree = "<group>"; };
/* End PBXFileReference section */

/* Begin PBXFrameworksBuildPhase section */
		805027E41D389E5700CE3F1F /* Frameworks */ = {
			isa = PBXFrameworksBuildPhase;
			buildActionMask = 2147483647;
			files = (
				2884C1AD1DECB1470088C957 /* FDSoundActivatedRecorder.framework in Frameworks */,
				2884C1AC1DECB1320088C957 /* FDSoundActivatedRecorder.framework in Frameworks */,
				A36157A31DF0C1C000996DF0 /* Charts.framework in Frameworks */,
				A319C77E1DF0C4C500825596 /* Alamofire.framework in Frameworks */,
			);
			runOnlyForDeploymentPostprocessing = 0;
		};
/* End PBXFrameworksBuildPhase section */

/* Begin PBXGroup section */
		286E06EE1DEA0E1900472FA2 /* Products */ = {
			isa = PBXGroup;
			children = (
				286E06F91DEA0E1900472FA2 /* Alamofire.framework */,
				286E06FB1DEA0E1900472FA2 /* Alamofire iOS Tests.xctest */,
				286E06FD1DEA0E1900472FA2 /* Alamofire.framework */,
				286E06FF1DEA0E1900472FA2 /* Alamofire macOS Tests.xctest */,
				286E07011DEA0E1900472FA2 /* Alamofire.framework */,
				286E07031DEA0E1900472FA2 /* Alamofire tvOS Tests.xctest */,
				286E07051DEA0E1900472FA2 /* Alamofire.framework */,
			);
			name = Products;
			sourceTree = "<group>";
		};
		2884C1821DECB10A0088C957 /* Products */ = {
			isa = PBXGroup;
			children = (
				2884C18E1DECB10A0088C957 /* FDSoundActivatedRecorder.framework */,
				2884C1901DECB10A0088C957 /* FDSoundActivatedRecorderTests.xctest */,
			);
			name = Products;
			sourceTree = "<group>";
		};
		805027DE1D389E5700CE3F1F = {
			isa = PBXGroup;
			children = (
				805027E91D389E5700CE3F1F /* Siri */,
				805027E81D389E5700CE3F1F /* Products */,
				286E06ED1DEA0E1900472FA2 /* Alamofire.xcodeproj */,
				A361578F1DF0C1AE00996DF0 /* Charts.xcodeproj */,
			);
			sourceTree = "<group>";
		};
		805027E81D389E5700CE3F1F /* Products */ = {
			isa = PBXGroup;
			children = (
				805027E71D389E5700CE3F1F /* Siri.app */,
			);
			name = Products;
			sourceTree = "<group>";
		};
		805027E91D389E5700CE3F1F /* Siri */ = {
			isa = PBXGroup;
			children = (
				805027EA1D389E5700CE3F1F /* AppDelegate.swift */,
				805027EC1D389E5700CE3F1F /* Recognizer.swift */,
				805027EE1D389E5700CE3F1F /* Main.storyboard */,
				2880F0F11DEB4FBD00A169B4 /* Filelist.swift */,
				286E06EB1DE9888800472FA2 /* Newrecord.swift */,
				805027F11D389E5700CE3F1F /* Assets.xcassets */,
				805027F31D389E5700CE3F1F /* LaunchScreen.storyboard */,
				805027F61D389E5700CE3F1F /* Info.plist */,
				2884C1811DECB10A0088C957 /* FDSoundActivatedRecorder.xcodeproj */,
			);
			path = Siri;
			sourceTree = "<group>";
		};
		A36157901DF0C1AE00996DF0 /* Products */ = {
			isa = PBXGroup;
			children = (
				A361579D1DF0C1AE00996DF0 /* Charts.framework */,
				A361579F1DF0C1AE00996DF0 /* ChartsRealm.framework */,
				A36157A11DF0C1AE00996DF0 /* ChartsTests.xctest */,
			);
			name = Products;
			sourceTree = "<group>";
		};
/* End PBXGroup section */

/* Begin PBXNativeTarget section */
		805027E61D389E5700CE3F1F /* Siri */ = {
			isa = PBXNativeTarget;
			buildConfigurationList = 805027F91D389E5700CE3F1F /* Build configuration list for PBXNativeTarget "Siri" */;
			buildPhases = (
				805027E31D389E5700CE3F1F /* Sources */,
				805027E41D389E5700CE3F1F /* Frameworks */,
				805027E51D389E5700CE3F1F /* Resources */,
				28C1E2891DEB094900578160 /* Embed Frameworks */,
			);
			buildRules = (
			);
			dependencies = (
				2884C1AB1DECB12C0088C957 /* PBXTargetDependency */,
				2884C1B01DECB1470088C957 /* PBXTargetDependency */,
				A36157A61DF0C1C000996DF0 /* PBXTargetDependency */,
				A319C7811DF0C4C500825596 /* PBXTargetDependency */,
			);
			name = Siri;
			productName = Siri;
			productReference = 805027E71D389E5700CE3F1F /* Siri.app */;
			productType = "com.apple.product-type.application";
		};
/* End PBXNativeTarget section */

/* Begin PBXProject section */
		805027DF1D389E5700CE3F1F /* Project object */ = {
			isa = PBXProject;
			attributes = {
				LastSwiftUpdateCheck = 0800;
				LastUpgradeCheck = 0800;
				ORGANIZATIONNAME = "Sahand Edrisian";
				TargetAttributes = {
					805027E61D389E5700CE3F1F = {
						CreatedOnToolsVersion = 8.0;
						DevelopmentTeam = 3Y3Z2Z567H;
						DevelopmentTeamName = "Stephen Edrisian";
						ProvisioningStyle = Automatic;
					};
				};
			};
			buildConfigurationList = 805027E21D389E5700CE3F1F /* Build configuration list for PBXProject "Siri" */;
			compatibilityVersion = "Xcode 3.2";
			developmentRegion = English;
			hasScannedForEncodings = 0;
			knownRegions = (
				en,
				Base,
			);
			mainGroup = 805027DE1D389E5700CE3F1F;
			productRefGroup = 805027E81D389E5700CE3F1F /* Products */;
			projectDirPath = "";
			projectReferences = (
				{
					ProductGroup = 286E06EE1DEA0E1900472FA2 /* Products */;
					ProjectRef = 286E06ED1DEA0E1900472FA2 /* Alamofire.xcodeproj */;
				},
				{
					ProductGroup = A36157901DF0C1AE00996DF0 /* Products */;
					ProjectRef = A361578F1DF0C1AE00996DF0 /* Charts.xcodeproj */;
				},
				{
					ProductGroup = 2884C1821DECB10A0088C957 /* Products */;
					ProjectRef = 2884C1811DECB10A0088C957 /* FDSoundActivatedRecorder.xcodeproj */;
				},
			);
			projectRoot = "";
			targets = (
				805027E61D389E5700CE3F1F /* Siri */,
			);
		};
/* End PBXProject section */

/* Begin PBXReferenceProxy section */
		286E06F91DEA0E1900472FA2 /* Alamofire.framework */ = {
			isa = PBXReferenceProxy;
			fileType = wrapper.framework;
			path = Alamofire.framework;
			remoteRef = 286E06F81DEA0E1900472FA2 /* PBXContainerItemProxy */;
			sourceTree = BUILT_PRODUCTS_DIR;
		};
		286E06FB1DEA0E1900472FA2 /* Alamofire iOS Tests.xctest */ = {
			isa = PBXReferenceProxy;
			fileType = wrapper.cfbundle;
			path = "Alamofire iOS Tests.xctest";
			remoteRef = 286E06FA1DEA0E1900472FA2 /* PBXContainerItemProxy */;
			sourceTree = BUILT_PRODUCTS_DIR;
		};
		286E06FD1DEA0E1900472FA2 /* Alamofire.framework */ = {
			isa = PBXReferenceProxy;
			fileType = wrapper.framework;
			path = Alamofire.framework;
			remoteRef = 286E06FC1DEA0E1900472FA2 /* PBXContainerItemProxy */;
			sourceTree = BUILT_PRODUCTS_DIR;
		};
		286E06FF1DEA0E1900472FA2 /* Alamofire macOS Tests.xctest */ = {
			isa = PBXReferenceProxy;
			fileType = wrapper.cfbundle;
			path = "Alamofire macOS Tests.xctest";
			remoteRef = 286E06FE1DEA0E1900472FA2 /* PBXContainerItemProxy */;
			sourceTree = BUILT_PRODUCTS_DIR;
		};
		286E07011DEA0E1900472FA2 /* Alamofire.framework */ = {
			isa = PBXReferenceProxy;
			fileType = wrapper.framework;
			path = Alamofire.framework;
			remoteRef = 286E07001DEA0E1900472FA2 /* PBXContainerItemProxy */;
			sourceTree = BUILT_PRODUCTS_DIR;
		};
		286E07031DEA0E1900472FA2 /* Alamofire tvOS Tests.xctest */ = {
			isa = PBXReferenceProxy;
			fileType = wrapper.cfbundle;
			path = "Alamofire tvOS Tests.xctest";
			remoteRef = 286E07021DEA0E1900472FA2 /* PBXContainerItemProxy */;
			sourceTree = BUILT_PRODUCTS_DIR;
		};
		286E07051DEA0E1900472FA2 /* Alamofire.framework */ = {
			isa = PBXReferenceProxy;
			fileType = wrapper.framework;
			path = Alamofire.framework;
			remoteRef = 286E07041DEA0E1900472FA2 /* PBXContainerItemProxy */;
			sourceTree = BUILT_PRODUCTS_DIR;
		};
		2884C18E1DECB10A0088C957 /* FDSoundActivatedRecorder.framework */ = {
			isa = PBXReferenceProxy;
			fileType = wrapper.framework;
			path = FDSoundActivatedRecorder.framework;
			remoteRef = 2884C18D1DECB10A0088C957 /* PBXContainerItemProxy */;
			sourceTree = BUILT_PRODUCTS_DIR;
		};
		2884C1901DECB10A0088C957 /* FDSoundActivatedRecorderTests.xctest */ = {
			isa = PBXReferenceProxy;
			fileType = wrapper.cfbundle;
			path = FDSoundActivatedRecorderTests.xctest;
			remoteRef = 2884C18F1DECB10A0088C957 /* PBXContainerItemProxy */;
			sourceTree = BUILT_PRODUCTS_DIR;
		};
		A361579D1DF0C1AE00996DF0 /* Charts.framework */ = {
			isa = PBXReferenceProxy;
			fileType = wrapper.framework;
			path = Charts.framework;
			remoteRef = A361579C1DF0C1AE00996DF0 /* PBXContainerItemProxy */;
			sourceTree = BUILT_PRODUCTS_DIR;
		};
		A361579F1DF0C1AE00996DF0 /* ChartsRealm.framework */ = {
			isa = PBXReferenceProxy;
			fileType = wrapper.framework;
			path = ChartsRealm.framework;
			remoteRef = A361579E1DF0C1AE00996DF0 /* PBXContainerItemProxy */;
			sourceTree = BUILT_PRODUCTS_DIR;
		};
		A36157A11DF0C1AE00996DF0 /* ChartsTests.xctest */ = {
			isa = PBXReferenceProxy;
			fileType = wrapper.cfbundle;
			path = ChartsTests.xctest;
			remoteRef = A36157A01DF0C1AE00996DF0 /* PBXContainerItemProxy */;
			sourceTree = BUILT_PRODUCTS_DIR;
		};
/* End PBXReferenceProxy section */

/* Begin PBXResourcesBuildPhase section */
		805027E51D389E5700CE3F1F /* Resources */ = {
			isa = PBXResourcesBuildPhase;
			buildActionMask = 2147483647;
			files = (
				805027F51D389E5700CE3F1F /* LaunchScreen.storyboard in Resources */,
				805027F21D389E5700CE3F1F /* Assets.xcassets in Resources */,
				805027F01D389E5700CE3F1F /* Main.storyboard in Resources */,
			);
			runOnlyForDeploymentPostprocessing = 0;
		};
/* End PBXResourcesBuildPhase section */

/* Begin PBXSourcesBuildPhase section */
		805027E31D389E5700CE3F1F /* Sources */ = {
			isa = PBXSourcesBuildPhase;
			buildActionMask = 2147483647;
			files = (
				805027ED1D389E5700CE3F1F /* Recognizer.swift in Sources */,
				805027EB1D389E5700CE3F1F /* AppDelegate.swift in Sources */,
				2880F0F21DEB4FBD00A169B4 /* Filelist.swift in Sources */,
				286E06EC1DE9888800472FA2 /* Newrecord.swift in Sources */,
			);
			runOnlyForDeploymentPostprocessing = 0;
		};
/* End PBXSourcesBuildPhase section */

/* Begin PBXTargetDependency section */
		2884C1AB1DECB12C0088C957 /* PBXTargetDependency */ = {
			isa = PBXTargetDependency;
			name = FDSoundActivatedRecorder;
			targetProxy = 2884C1AA1DECB12C0088C957 /* PBXContainerItemProxy */;
		};
		2884C1B01DECB1470088C957 /* PBXTargetDependency */ = {
			isa = PBXTargetDependency;
			name = FDSoundActivatedRecorder;
			targetProxy = 2884C1AF1DECB1470088C957 /* PBXContainerItemProxy */;
		};
		A319C7811DF0C4C500825596 /* PBXTargetDependency */ = {
			isa = PBXTargetDependency;
			name = "Alamofire iOS";
			targetProxy = A319C7801DF0C4C500825596 /* PBXContainerItemProxy */;
		};
		A36157A61DF0C1C000996DF0 /* PBXTargetDependency */ = {
			isa = PBXTargetDependency;
			name = Charts;
			targetProxy = A36157A51DF0C1C000996DF0 /* PBXContainerItemProxy */;
		};
/* End PBXTargetDependency section */

/* Begin PBXVariantGroup section */
		805027EE1D389E5700CE3F1F /* Main.storyboard */ = {
			isa = PBXVariantGroup;
			children = (
				805027EF1D389E5700CE3F1F /* Base */,
			);
			name = Main.storyboard;
			sourceTree = "<group>";
		};
		805027F31D389E5700CE3F1F /* LaunchScreen.storyboard */ = {
			isa = PBXVariantGroup;
			children = (
				805027F41D389E5700CE3F1F /* Base */,
			);
			name = LaunchScreen.storyboard;
			sourceTree = "<group>";
		};
/* End PBXVariantGroup section */

/* Begin XCBuildConfiguration section */
		805027F71D389E5700CE3F1F /* Debug */ = {
			isa = XCBuildConfiguration;
			buildSettings = {
				ALWAYS_SEARCH_USER_PATHS = NO;
				CLANG_ANALYZER_NONNULL = YES;
				CLANG_CXX_LANGUAGE_STANDARD = "gnu++0x";
				CLANG_CXX_LIBRARY = "libc++";
				CLANG_ENABLE_MODULES = YES;
				CLANG_ENABLE_OBJC_ARC = YES;
				CLANG_WARN_BOOL_CONVERSION = YES;
				CLANG_WARN_CONSTANT_CONVERSION = YES;
				CLANG_WARN_DIRECT_OBJC_ISA_USAGE = YES_ERROR;
				CLANG_WARN_DOCUMENTATION_COMMENTS = YES;
				CLANG_WARN_EMPTY_BODY = YES;
				CLANG_WARN_ENUM_CONVERSION = YES;
				CLANG_WARN_INT_CONVERSION = YES;
				CLANG_WARN_OBJC_ROOT_CLASS = YES_ERROR;
				CLANG_WARN_UNREACHABLE_CODE = YES;
				CLANG_WARN__DUPLICATE_METHOD_MATCH = YES;
				"CODE_SIGN_IDENTITY[sdk=iphoneos*]" = "iPhone Developer";
				COPY_PHASE_STRIP = NO;
				DEBUG_INFORMATION_FORMAT = dwarf;
				ENABLE_STRICT_OBJC_MSGSEND = YES;
				ENABLE_TESTABILITY = YES;
				GCC_C_LANGUAGE_STANDARD = gnu99;
				GCC_DYNAMIC_NO_PIC = NO;
				GCC_NO_COMMON_BLOCKS = YES;
				GCC_OPTIMIZATION_LEVEL = 0;
				GCC_PREPROCESSOR_DEFINITIONS = (
					"DEBUG=1",
					"$(inherited)",
				);
				GCC_WARN_64_TO_32_BIT_CONVERSION = YES;
				GCC_WARN_ABOUT_RETURN_TYPE = YES_ERROR;
				GCC_WARN_UNDECLARED_SELECTOR = YES;
				GCC_WARN_UNINITIALIZED_AUTOS = YES_AGGRESSIVE;
				GCC_WARN_UNUSED_FUNCTION = YES;
				GCC_WARN_UNUSED_VARIABLE = YES;
				IPHONEOS_DEPLOYMENT_TARGET = 10.0;
				MTL_ENABLE_DEBUG_INFO = YES;
				ONLY_ACTIVE_ARCH = YES;
				SDKROOT = iphoneos;
				SWIFT_ACTIVE_COMPILATION_CONDITIONS = DEBUG;
				SWIFT_OPTIMIZATION_LEVEL = "-Onone";
			};
			name = Debug;
		};
		805027F81D389E5700CE3F1F /* Release */ = {
			isa = XCBuildConfiguration;
			buildSettings = {
				ALWAYS_SEARCH_USER_PATHS = NO;
				CLANG_ANALYZER_NONNULL = YES;
				CLANG_CXX_LANGUAGE_STANDARD = "gnu++0x";
				CLANG_CXX_LIBRARY = "libc++";
				CLANG_ENABLE_MODULES = YES;
				CLANG_ENABLE_OBJC_ARC = YES;
				CLANG_WARN_BOOL_CONVERSION = YES;
				CLANG_WARN_CONSTANT_CONVERSION = YES;
				CLANG_WARN_DIRECT_OBJC_ISA_USAGE = YES_ERROR;
				CLANG_WARN_DOCUMENTATION_COMMENTS = YES;
				CLANG_WARN_EMPTY_BODY = YES;
				CLANG_WARN_ENUM_CONVERSION = YES;
				CLANG_WARN_INT_CONVERSION = YES;
				CLANG_WARN_OBJC_ROOT_CLASS = YES_ERROR;
				CLANG_WARN_UNREACHABLE_CODE = YES;
				CLANG_WARN__DUPLICATE_METHOD_MATCH = YES;
				"CODE_SIGN_IDENTITY[sdk=iphoneos*]" = "iPhone Developer";
				COPY_PHASE_STRIP = NO;
				DEBUG_INFORMATION_FORMAT = "dwarf-with-dsym";
				ENABLE_NS_ASSERTIONS = NO;
				ENABLE_STRICT_OBJC_MSGSEND = YES;
				GCC_C_LANGUAGE_STANDARD = gnu99;
				GCC_NO_COMMON_BLOCKS = YES;
				GCC_WARN_64_TO_32_BIT_CONVERSION = YES;
				GCC_WARN_ABOUT_RETURN_TYPE = YES_ERROR;
				GCC_WARN_UNDECLARED_SELECTOR = YES;
				GCC_WARN_UNINITIALIZED_AUTOS = YES_AGGRESSIVE;
				GCC_WARN_UNUSED_FUNCTION = YES;
				GCC_WARN_UNUSED_VARIABLE = YES;
				IPHONEOS_DEPLOYMENT_TARGET = 10.0;
				MTL_ENABLE_DEBUG_INFO = NO;
				SDKROOT = iphoneos;
				SWIFT_OPTIMIZATION_LEVEL = "-Owholemodule";
				VALIDATE_PRODUCT = YES;
			};
			name = Release;
		};
		805027FA1D389E5700CE3F1F /* Debug */ = {
			isa = XCBuildConfiguration;
			buildSettings = {
				ALWAYS_EMBED_SWIFT_STANDARD_LIBRARIES = YES;
				ASSETCATALOG_COMPILER_APPICON_NAME = AppIcon;
				DEVELOPMENT_TEAM = 3Y3Z2Z567H;
				INFOPLIST_FILE = Siri/Info.plist;
				LD_RUNPATH_SEARCH_PATHS = "$(inherited) @executable_path/Frameworks";
				PRODUCT_BUNDLE_IDENTIFIER = com.SahandEdrisian.Siri;
				PRODUCT_NAME = "$(TARGET_NAME)";
				SWIFT_VERSION = 3.0;
			};
			name = Debug;
		};
		805027FB1D389E5700CE3F1F /* Release */ = {
			isa = XCBuildConfiguration;
			buildSettings = {
				ALWAYS_EMBED_SWIFT_STANDARD_LIBRARIES = YES;
				ASSETCATALOG_COMPILER_APPICON_NAME = AppIcon;
				DEVELOPMENT_TEAM = 3Y3Z2Z567H;
				INFOPLIST_FILE = Siri/Info.plist;
				LD_RUNPATH_SEARCH_PATHS = "$(inherited) @executable_path/Frameworks";
				PRODUCT_BUNDLE_IDENTIFIER = com.SahandEdrisian.Siri;
				PRODUCT_NAME = "$(TARGET_NAME)";
				SWIFT_VERSION = 3.0;
			};
			name = Release;
		};
/* End XCBuildConfiguration section */

/* Begin XCConfigurationList section */
		805027E21D389E5700CE3F1F /* Build configuration list for PBXProject "Siri" */ = {
			isa = XCConfigurationList;
			buildConfigurations = (
				805027F71D389E5700CE3F1F /* Debug */,
				805027F81D389E5700CE3F1F /* Release */,
			);
			defaultConfigurationIsVisible = 0;
			defaultConfigurationName = Release;
		};
		805027F91D389E5700CE3F1F /* Build configuration list for PBXNativeTarget "Siri" */ = {
			isa = XCConfigurationList;
			buildConfigurations = (
				805027FA1D389E5700CE3F1F /* Debug */,
				805027FB1D389E5700CE3F1F /* Release */,
			);
			defaultConfigurationIsVisible = 0;
			defaultConfigurationName = Release;
		};
/* End XCConfigurationList section */
	};
	rootObject = 805027DF1D389E5700CE3F1F /* Project object */;
}
